// !$*UTF8*$!
{
	archiveVersion = 1;
	classes = {
	};
	objectVersion = 56;
	objects = {

/* Begin PBXBuildFile section */
		CB35F1FF29DDB04E00773C54 /* DebugManager.swift in Sources */ = {isa = PBXBuildFile; fileRef = CB35F1FE29DDB04E00773C54 /* DebugManager.swift */; };
		CB63A0AF29DC5B5E00110142 /* AppDelegate.swift in Sources */ = {isa = PBXBuildFile; fileRef = CB63A0AE29DC5B5E00110142 /* AppDelegate.swift */; };
		CB63A0B129DC5B5E00110142 /* SceneDelegate.swift in Sources */ = {isa = PBXBuildFile; fileRef = CB63A0B029DC5B5E00110142 /* SceneDelegate.swift */; };
		CB63A0B329DC5B5E00110142 /* PersonListView.swift in Sources */ = {isa = PBXBuildFile; fileRef = CB63A0B229DC5B5E00110142 /* PersonListView.swift */; };
		CB63A0B629DC5B5E00110142 /* Main.storyboard in Resources */ = {isa = PBXBuildFile; fileRef = CB63A0B429DC5B5E00110142 /* Main.storyboard */; };
		CB63A0B829DC5B6000110142 /* Assets.xcassets in Resources */ = {isa = PBXBuildFile; fileRef = CB63A0B729DC5B6000110142 /* Assets.xcassets */; };
		CB63A0BB29DC5B6000110142 /* LaunchScreen.storyboard in Resources */ = {isa = PBXBuildFile; fileRef = CB63A0B929DC5B6000110142 /* LaunchScreen.storyboard */; };
		CB63A0DF29DC5B7800110142 /* DataSource.swift in Sources */ = {isa = PBXBuildFile; fileRef = CB63A0DE29DC5B7800110142 /* DataSource.swift */; };
		CB63A0E329DC5D3F00110142 /* PersonListViewModel.swift in Sources */ = {isa = PBXBuildFile; fileRef = CB63A0E229DC5D3F00110142 /* PersonListViewModel.swift */; };
		CB63A0E829DC641800110142 /* PersonTableViewCell.swift in Sources */ = {isa = PBXBuildFile; fileRef = CB63A0E629DC641800110142 /* PersonTableViewCell.swift */; };
		CB63A0E929DC641800110142 /* PersonTableViewCell.xib in Resources */ = {isa = PBXBuildFile; fileRef = CB63A0E729DC641800110142 /* PersonTableViewCell.xib */; };
		CB63A0EB29DC66E700110142 /* Extensions.swift in Sources */ = {isa = PBXBuildFile; fileRef = CB63A0EA29DC66E700110142 /* Extensions.swift */; };
/* End PBXBuildFile section */

/* Begin PBXContainerItemProxy section */
		CB63A0C229DC5B6000110142 /* PBXContainerItemProxy */ = {
			isa = PBXContainerItemProxy;
			containerPortal = CB63A0A329DC5B5E00110142 /* Project object */;
			proxyType = 1;
			remoteGlobalIDString = CB63A0AA29DC5B5E00110142;
			remoteInfo = ScorpHomeA.;
		};
		CB63A0CC29DC5B6000110142 /* PBXContainerItemProxy */ = {
			isa = PBXContainerItemProxy;
			containerPortal = CB63A0A329DC5B5E00110142 /* Project object */;
			proxyType = 1;
			remoteGlobalIDString = CB63A0AA29DC5B5E00110142;
			remoteInfo = ScorpHomeA.;
		};
/* End PBXContainerItemProxy section */

/* Begin PBXFileReference section */
		CB35F1FE29DDB04E00773C54 /* DebugManager.swift */ = {isa = PBXFileReference; lastKnownFileType = sourcecode.swift; path = DebugManager.swift; sourceTree = "<group>"; };
		CB63A0AB29DC5B5E00110142 /* ScorpHomeA..app */ = {isa = PBXFileReference; explicitFileType = wrapper.application; includeInIndex = 0; path = ScorpHomeA..app; sourceTree = BUILT_PRODUCTS_DIR; };
		CB63A0AE29DC5B5E00110142 /* AppDelegate.swift */ = {isa = PBXFileReference; lastKnownFileType = sourcecode.swift; path = AppDelegate.swift; sourceTree = "<group>"; };
		CB63A0B029DC5B5E00110142 /* SceneDelegate.swift */ = {isa = PBXFileReference; lastKnownFileType = sourcecode.swift; path = SceneDelegate.swift; sourceTree = "<group>"; };
		CB63A0B229DC5B5E00110142 /* PersonListView.swift */ = {isa = PBXFileReference; lastKnownFileType = sourcecode.swift; path = PersonListView.swift; sourceTree = "<group>"; };
		CB63A0B529DC5B5E00110142 /* Base */ = {isa = PBXFileReference; lastKnownFileType = file.storyboard; name = Base; path = Base.lproj/Main.storyboard; sourceTree = "<group>"; };
		CB63A0B729DC5B6000110142 /* Assets.xcassets */ = {isa = PBXFileReference; lastKnownFileType = folder.assetcatalog; path = Assets.xcassets; sourceTree = "<group>"; };
		CB63A0BA29DC5B6000110142 /* Base */ = {isa = PBXFileReference; lastKnownFileType = file.storyboard; name = Base; path = Base.lproj/LaunchScreen.storyboard; sourceTree = "<group>"; };
		CB63A0BC29DC5B6000110142 /* Info.plist */ = {isa = PBXFileReference; lastKnownFileType = text.plist.xml; path = Info.plist; sourceTree = "<group>"; };
		CB63A0C129DC5B6000110142 /* ScorpHomeA.Tests.xctest */ = {isa = PBXFileReference; explicitFileType = wrapper.cfbundle; includeInIndex = 0; path = ScorpHomeA.Tests.xctest; sourceTree = BUILT_PRODUCTS_DIR; };
		CB63A0CB29DC5B6000110142 /* ScorpHomeA.UITests.xctest */ = {isa = PBXFileReference; explicitFileType = wrapper.cfbundle; includeInIndex = 0; path = ScorpHomeA.UITests.xctest; sourceTree = BUILT_PRODUCTS_DIR; };
		CB63A0DE29DC5B7800110142 /* DataSource.swift */ = {isa = PBXFileReference; fileEncoding = 4; lastKnownFileType = sourcecode.swift; path = DataSource.swift; sourceTree = "<group>"; };
		CB63A0E229DC5D3F00110142 /* PersonListViewModel.swift */ = {isa = PBXFileReference; lastKnownFileType = sourcecode.swift; path = PersonListViewModel.swift; sourceTree = "<group>"; };
		CB63A0E629DC641800110142 /* PersonTableViewCell.swift */ = {isa = PBXFileReference; lastKnownFileType = sourcecode.swift; path = PersonTableViewCell.swift; sourceTree = "<group>"; };
		CB63A0E729DC641800110142 /* PersonTableViewCell.xib */ = {isa = PBXFileReference; lastKnownFileType = file.xib; path = PersonTableViewCell.xib; sourceTree = "<group>"; };
		CB63A0EA29DC66E700110142 /* Extensions.swift */ = {isa = PBXFileReference; lastKnownFileType = sourcecode.swift; path = Extensions.swift; sourceTree = "<group>"; };
/* End PBXFileReference section */

/* Begin PBXFrameworksBuildPhase section */
		CB63A0A829DC5B5E00110142 /* Frameworks */ = {
			isa = PBXFrameworksBuildPhase;
			buildActionMask = 2147483647;
			files = (
			);
			runOnlyForDeploymentPostprocessing = 0;
		};
		CB63A0BE29DC5B6000110142 /* Frameworks */ = {
			isa = PBXFrameworksBuildPhase;
			buildActionMask = 2147483647;
			files = (
			);
			runOnlyForDeploymentPostprocessing = 0;
		};
		CB63A0C829DC5B6000110142 /* Frameworks */ = {
			isa = PBXFrameworksBuildPhase;
			buildActionMask = 2147483647;
			files = (
			);
			runOnlyForDeploymentPostprocessing = 0;
		};
/* End PBXFrameworksBuildPhase section */

/* Begin PBXGroup section */
		CB35F1F529DD8EB900773C54 /* Views */ = {
			isa = PBXGroup;
			children = (
				CB35F1F629DD8ECF00773C54 /* Screens */,
				CB35F1F729DD8EDA00773C54 /* Cells */,
			);
			path = Views;
			sourceTree = "<group>";
		};
		CB35F1F629DD8ECF00773C54 /* Screens */ = {
			isa = PBXGroup;
			children = (
				CB35F1FC29DD8F8900773C54 /* PersonListScreen */,
			);
			path = Screens;
			sourceTree = "<group>";
		};
		CB35F1F729DD8EDA00773C54 /* Cells */ = {
			isa = PBXGroup;
			children = (
				CB35F1FB29DD8F6E00773C54 /* PersonTableViewCell */,
			);
			path = Cells;
			sourceTree = "<group>";
		};
		CB35F1F829DD8EF100773C54 /* API+DataSource */ = {
			isa = PBXGroup;
			children = (
				CB63A0DE29DC5B7800110142 /* DataSource.swift */,
			);
			path = "API+DataSource";
			sourceTree = "<group>";
		};
		CB35F1F929DD8F0800773C54 /* Helpers */ = {
			isa = PBXGroup;
			children = (
				CB63A0EA29DC66E700110142 /* Extensions.swift */,
			);
			path = Helpers;
			sourceTree = "<group>";
		};
		CB35F1FB29DD8F6E00773C54 /* PersonTableViewCell */ = {
			isa = PBXGroup;
			children = (
				CB63A0E629DC641800110142 /* PersonTableViewCell.swift */,
				CB63A0E729DC641800110142 /* PersonTableViewCell.xib */,
			);
			path = PersonTableViewCell;
			sourceTree = "<group>";
		};
		CB35F1FC29DD8F8900773C54 /* PersonListScreen */ = {
			isa = PBXGroup;
			children = (
				CB63A0B229DC5B5E00110142 /* PersonListView.swift */,
				CB63A0E229DC5D3F00110142 /* PersonListViewModel.swift */,
			);
			path = PersonListScreen;
			sourceTree = "<group>";
		};
		CB35F1FD29DDB03A00773C54 /* Managers */ = {
			isa = PBXGroup;
			children = (
				CB35F1FE29DDB04E00773C54 /* DebugManager.swift */,
			);
			path = Managers;
			sourceTree = "<group>";
		};
		CB63A0A229DC5B5E00110142 = {
			isa = PBXGroup;
			children = (
				CB63A0F029DCB74900110142 /* Development */,
				CB63A0AD29DC5B5E00110142 /* ScorpHomeA. */,
				CB63A0AC29DC5B5E00110142 /* Products */,
			);
			sourceTree = "<group>";
		};
		CB63A0AC29DC5B5E00110142 /* Products */ = {
			isa = PBXGroup;
			children = (
				CB63A0AB29DC5B5E00110142 /* ScorpHomeA..app */,
				CB63A0C129DC5B6000110142 /* ScorpHomeA.Tests.xctest */,
				CB63A0CB29DC5B6000110142 /* ScorpHomeA.UITests.xctest */,
			);
			name = Products;
			sourceTree = "<group>";
		};
		CB63A0AD29DC5B5E00110142 /* ScorpHomeA. */ = {
			isa = PBXGroup;
			children = (
				CB63A0AE29DC5B5E00110142 /* AppDelegate.swift */,
				CB63A0B029DC5B5E00110142 /* SceneDelegate.swift */,
				CB63A0B429DC5B5E00110142 /* Main.storyboard */,
				CB63A0B729DC5B6000110142 /* Assets.xcassets */,
				CB63A0B929DC5B6000110142 /* LaunchScreen.storyboard */,
				CB63A0BC29DC5B6000110142 /* Info.plist */,
			);
			path = ScorpHomeA.;
			sourceTree = "<group>";
		};
		CB63A0F029DCB74900110142 /* Development */ = {
			isa = PBXGroup;
			children = (
				CB35F1FD29DDB03A00773C54 /* Managers */,
				CB35F1F529DD8EB900773C54 /* Views */,
				CB35F1F929DD8F0800773C54 /* Helpers */,
				CB35F1F829DD8EF100773C54 /* API+DataSource */,
			);
			path = Development;
			sourceTree = "<group>";
		};
/* End PBXGroup section */

/* Begin PBXNativeTarget section */
		CB63A0AA29DC5B5E00110142 /* ScorpHomeA. */ = {
			isa = PBXNativeTarget;
			buildConfigurationList = CB63A0D529DC5B6000110142 /* Build configuration list for PBXNativeTarget "ScorpHomeA." */;
			buildPhases = (
				CB63A0A729DC5B5E00110142 /* Sources */,
				CB63A0A829DC5B5E00110142 /* Frameworks */,
				CB63A0A929DC5B5E00110142 /* Resources */,
			);
			buildRules = (
			);
			dependencies = (
			);
			name = ScorpHomeA.;
			productName = ScorpHomeA.;
			productReference = CB63A0AB29DC5B5E00110142 /* ScorpHomeA..app */;
			productType = "com.apple.product-type.application";
		};
		CB63A0C029DC5B6000110142 /* ScorpHomeA.Tests */ = {
			isa = PBXNativeTarget;
			buildConfigurationList = CB63A0D829DC5B6000110142 /* Build configuration list for PBXNativeTarget "ScorpHomeA.Tests" */;
			buildPhases = (
				CB63A0BD29DC5B6000110142 /* Sources */,
				CB63A0BE29DC5B6000110142 /* Frameworks */,
				CB63A0BF29DC5B6000110142 /* Resources */,
			);
			buildRules = (
			);
			dependencies = (
				CB63A0C329DC5B6000110142 /* PBXTargetDependency */,
			);
			name = ScorpHomeA.Tests;
			productName = ScorpHomeA.Tests;
			productReference = CB63A0C129DC5B6000110142 /* ScorpHomeA.Tests.xctest */;
			productType = "com.apple.product-type.bundle.unit-test";
		};
		CB63A0CA29DC5B6000110142 /* ScorpHomeA.UITests */ = {
			isa = PBXNativeTarget;
			buildConfigurationList = CB63A0DB29DC5B6000110142 /* Build configuration list for PBXNativeTarget "ScorpHomeA.UITests" */;
			buildPhases = (
				CB63A0C729DC5B6000110142 /* Sources */,
				CB63A0C829DC5B6000110142 /* Frameworks */,
				CB63A0C929DC5B6000110142 /* Resources */,
			);
			buildRules = (
			);
			dependencies = (
				CB63A0CD29DC5B6000110142 /* PBXTargetDependency */,
			);
			name = ScorpHomeA.UITests;
			productName = ScorpHomeA.UITests;
			productReference = CB63A0CB29DC5B6000110142 /* ScorpHomeA.UITests.xctest */;
			productType = "com.apple.product-type.bundle.ui-testing";
		};
/* End PBXNativeTarget section */

/* Begin PBXProject section */
		CB63A0A329DC5B5E00110142 /* Project object */ = {
			isa = PBXProject;
			attributes = {
				BuildIndependentTargetsInParallel = 1;
				LastSwiftUpdateCheck = 1410;
				LastUpgradeCheck = 1410;
				TargetAttributes = {
					CB63A0AA29DC5B5E00110142 = {
						CreatedOnToolsVersion = 14.1;
					};
					CB63A0C029DC5B6000110142 = {
						CreatedOnToolsVersion = 14.1;
						TestTargetID = CB63A0AA29DC5B5E00110142;
					};
					CB63A0CA29DC5B6000110142 = {
						CreatedOnToolsVersion = 14.1;
						TestTargetID = CB63A0AA29DC5B5E00110142;
					};
				};
			};
			buildConfigurationList = CB63A0A629DC5B5E00110142 /* Build configuration list for PBXProject "ScorpHomeA." */;
			compatibilityVersion = "Xcode 14.0";
			developmentRegion = en;
			hasScannedForEncodings = 0;
			knownRegions = (
				en,
				Base,
			);
			mainGroup = CB63A0A229DC5B5E00110142;
			productRefGroup = CB63A0AC29DC5B5E00110142 /* Products */;
			projectDirPath = "";
			projectRoot = "";
			targets = (
				CB63A0AA29DC5B5E00110142 /* ScorpHomeA. */,
				CB63A0C029DC5B6000110142 /* ScorpHomeA.Tests */,
				CB63A0CA29DC5B6000110142 /* ScorpHomeA.UITests */,
			);
		};
/* End PBXProject section */

/* Begin PBXResourcesBuildPhase section */
		CB63A0A929DC5B5E00110142 /* Resources */ = {
			isa = PBXResourcesBuildPhase;
			buildActionMask = 2147483647;
			files = (
				CB63A0BB29DC5B6000110142 /* LaunchScreen.storyboard in Resources */,
				CB63A0B829DC5B6000110142 /* Assets.xcassets in Resources */,
				CB63A0E929DC641800110142 /* PersonTableViewCell.xib in Resources */,
				CB63A0B629DC5B5E00110142 /* Main.storyboard in Resources */,
			);
			runOnlyForDeploymentPostprocessing = 0;
		};
		CB63A0BF29DC5B6000110142 /* Resources */ = {
			isa = PBXResourcesBuildPhase;
			buildActionMask = 2147483647;
			files = (
			);
			runOnlyForDeploymentPostprocessing = 0;
		};
		CB63A0C929DC5B6000110142 /* Resources */ = {
			isa = PBXResourcesBuildPhase;
			buildActionMask = 2147483647;
			files = (
			);
			runOnlyForDeploymentPostprocessing = 0;
		};
/* End PBXResourcesBuildPhase section */

/* Begin PBXSourcesBuildPhase section */
		CB63A0A729DC5B5E00110142 /* Sources */ = {
			isa = PBXSourcesBuildPhase;
			buildActionMask = 2147483647;
			files = (
				CB63A0E829DC641800110142 /* PersonTableViewCell.swift in Sources */,
				CB63A0B329DC5B5E00110142 /* PersonListView.swift in Sources */,
				CB63A0E329DC5D3F00110142 /* PersonListViewModel.swift in Sources */,
				CB63A0AF29DC5B5E00110142 /* AppDelegate.swift in Sources */,
				CB63A0DF29DC5B7800110142 /* DataSource.swift in Sources */,
				CB63A0B129DC5B5E00110142 /* SceneDelegate.swift in Sources */,
				CB63A0EB29DC66E700110142 /* Extensions.swift in Sources */,
				CB35F1FF29DDB04E00773C54 /* DebugManager.swift in Sources */,
			);
			runOnlyForDeploymentPostprocessing = 0;
		};
		CB63A0BD29DC5B6000110142 /* Sources */ = {
			isa = PBXSourcesBuildPhase;
			buildActionMask = 2147483647;
			files = (
			);
			runOnlyForDeploymentPostprocessing = 0;
		};
		CB63A0C729DC5B6000110142 /* Sources */ = {
			isa = PBXSourcesBuildPhase;
			buildActionMask = 2147483647;
			files = (
			);
			runOnlyForDeploymentPostprocessing = 0;
		};
/* End PBXSourcesBuildPhase section */

/* Begin PBXTargetDependency section */
		CB63A0C329DC5B6000110142 /* PBXTargetDependency */ = {
			isa = PBXTargetDependency;
			target = CB63A0AA29DC5B5E00110142 /* ScorpHomeA. */;
			targetProxy = CB63A0C229DC5B6000110142 /* PBXContainerItemProxy */;
		};
		CB63A0CD29DC5B6000110142 /* PBXTargetDependency */ = {
			isa = PBXTargetDependency;
			target = CB63A0AA29DC5B5E00110142 /* ScorpHomeA. */;
			targetProxy = CB63A0CC29DC5B6000110142 /* PBXContainerItemProxy */;
		};
/* End PBXTargetDependency section */

/* Begin PBXVariantGroup section */
		CB63A0B429DC5B5E00110142 /* Main.storyboard */ = {
			isa = PBXVariantGroup;
			children = (
				CB63A0B529DC5B5E00110142 /* Base */,
			);
			name = Main.storyboard;
			sourceTree = "<group>";
		};
		CB63A0B929DC5B6000110142 /* LaunchScreen.storyboard */ = {
			isa = PBXVariantGroup;
			children = (
				CB63A0BA29DC5B6000110142 /* Base */,
			);
			name = LaunchScreen.storyboard;
			sourceTree = "<group>";
		};
/* End PBXVariantGroup section */

/* Begin XCBuildConfiguration section */
		CB63A0D329DC5B6000110142 /* Debug */ = {
			isa = XCBuildConfiguration;
			buildSettings = {
				ALWAYS_SEARCH_USER_PATHS = NO;
				CLANG_ANALYZER_NONNULL = YES;
				CLANG_ANALYZER_NUMBER_OBJECT_CONVERSION = YES_AGGRESSIVE;
				CLANG_CXX_LANGUAGE_STANDARD = "gnu++20";
				CLANG_ENABLE_MODULES = YES;
				CLANG_ENABLE_OBJC_ARC = YES;
				CLANG_ENABLE_OBJC_WEAK = YES;
				CLANG_WARN_BLOCK_CAPTURE_AUTORELEASING = YES;
				CLANG_WARN_BOOL_CONVERSION = YES;
				CLANG_WARN_COMMA = YES;
				CLANG_WARN_CONSTANT_CONVERSION = YES;
				CLANG_WARN_DEPRECATED_OBJC_IMPLEMENTATIONS = YES;
				CLANG_WARN_DIRECT_OBJC_ISA_USAGE = YES_ERROR;
				CLANG_WARN_DOCUMENTATION_COMMENTS = YES;
				CLANG_WARN_EMPTY_BODY = YES;
				CLANG_WARN_ENUM_CONVERSION = YES;
				CLANG_WARN_INFINITE_RECURSION = YES;
				CLANG_WARN_INT_CONVERSION = YES;
				CLANG_WARN_NON_LITERAL_NULL_CONVERSION = YES;
				CLANG_WARN_OBJC_IMPLICIT_RETAIN_SELF = YES;
				CLANG_WARN_OBJC_LITERAL_CONVERSION = YES;
				CLANG_WARN_OBJC_ROOT_CLASS = YES_ERROR;
				CLANG_WARN_QUOTED_INCLUDE_IN_FRAMEWORK_HEADER = YES;
				CLANG_WARN_RANGE_LOOP_ANALYSIS = YES;
				CLANG_WARN_STRICT_PROTOTYPES = YES;
				CLANG_WARN_SUSPICIOUS_MOVE = YES;
				CLANG_WARN_UNGUARDED_AVAILABILITY = YES_AGGRESSIVE;
				CLANG_WARN_UNREACHABLE_CODE = YES;
				CLANG_WARN__DUPLICATE_METHOD_MATCH = YES;
				COPY_PHASE_STRIP = NO;
				DEBUG_INFORMATION_FORMAT = dwarf;
				ENABLE_STRICT_OBJC_MSGSEND = YES;
				ENABLE_TESTABILITY = YES;
				GCC_C_LANGUAGE_STANDARD = gnu11;
				GCC_DYNAMIC_NO_PIC = NO;
				GCC_NO_COMMON_BLOCKS = YES;
				GCC_OPTIMIZATION_LEVEL = 0;
				GCC_PREPROCESSOR_DEFINITIONS = (
					"DEBUG=1",
					"$(inherited)",
				);
				GCC_WARN_64_TO_32_BIT_CONVERSION = YES;
				GCC_WARN_ABOUT_RETURN_TYPE = YES_ERROR;
				GCC_WARN_UNDECLARED_SELECTOR = YES;
				GCC_WARN_UNINITIALIZED_AUTOS = YES_AGGRESSIVE;
				GCC_WARN_UNUSED_FUNCTION = YES;
				GCC_WARN_UNUSED_VARIABLE = YES;
				IPHONEOS_DEPLOYMENT_TARGET = 16.1;
				MTL_ENABLE_DEBUG_INFO = INCLUDE_SOURCE;
				MTL_FAST_MATH = YES;
				ONLY_ACTIVE_ARCH = YES;
				SDKROOT = iphoneos;
				SWIFT_ACTIVE_COMPILATION_CONDITIONS = DEBUG;
				SWIFT_OPTIMIZATION_LEVEL = "-Onone";
			};
			name = Debug;
		};
		CB63A0D429DC5B6000110142 /* Release */ = {
			isa = XCBuildConfiguration;
			buildSettings = {
				ALWAYS_SEARCH_USER_PATHS = NO;
				CLANG_ANALYZER_NONNULL = YES;
				CLANG_ANALYZER_NUMBER_OBJECT_CONVERSION = YES_AGGRESSIVE;
				CLANG_CXX_LANGUAGE_STANDARD = "gnu++20";
				CLANG_ENABLE_MODULES = YES;
				CLANG_ENABLE_OBJC_ARC = YES;
				CLANG_ENABLE_OBJC_WEAK = YES;
				CLANG_WARN_BLOCK_CAPTURE_AUTORELEASING = YES;
				CLANG_WARN_BOOL_CONVERSION = YES;
				CLANG_WARN_COMMA = YES;
				CLANG_WARN_CONSTANT_CONVERSION = YES;
				CLANG_WARN_DEPRECATED_OBJC_IMPLEMENTATIONS = YES;
				CLANG_WARN_DIRECT_OBJC_ISA_USAGE = YES_ERROR;
				CLANG_WARN_DOCUMENTATION_COMMENTS = YES;
				CLANG_WARN_EMPTY_BODY = YES;
				CLANG_WARN_ENUM_CONVERSION = YES;
				CLANG_WARN_INFINITE_RECURSION = YES;
				CLANG_WARN_INT_CONVERSION = YES;
				CLANG_WARN_NON_LITERAL_NULL_CONVERSION = YES;
				CLANG_WARN_OBJC_IMPLICIT_RETAIN_SELF = YES;
				CLANG_WARN_OBJC_LITERAL_CONVERSION = YES;
				CLANG_WARN_OBJC_ROOT_CLASS = YES_ERROR;
				CLANG_WARN_QUOTED_INCLUDE_IN_FRAMEWORK_HEADER = YES;
				CLANG_WARN_RANGE_LOOP_ANALYSIS = YES;
				CLANG_WARN_STRICT_PROTOTYPES = YES;
				CLANG_WARN_SUSPICIOUS_MOVE = YES;
				CLANG_WARN_UNGUARDED_AVAILABILITY = YES_AGGRESSIVE;
				CLANG_WARN_UNREACHABLE_CODE = YES;
				CLANG_WARN__DUPLICATE_METHOD_MATCH = YES;
				COPY_PHASE_STRIP = NO;
				DEBUG_INFORMATION_FORMAT = "dwarf-with-dsym";
				ENABLE_NS_ASSERTIONS = NO;
				ENABLE_STRICT_OBJC_MSGSEND = YES;
				GCC_C_LANGUAGE_STANDARD = gnu11;
				GCC_NO_COMMON_BLOCKS = YES;
				GCC_WARN_64_TO_32_BIT_CONVERSION = YES;
				GCC_WARN_ABOUT_RETURN_TYPE = YES_ERROR;
				GCC_WARN_UNDECLARED_SELECTOR = YES;
				GCC_WARN_UNINITIALIZED_AUTOS = YES_AGGRESSIVE;
				GCC_WARN_UNUSED_FUNCTION = YES;
				GCC_WARN_UNUSED_VARIABLE = YES;
				IPHONEOS_DEPLOYMENT_TARGET = 16.1;
				MTL_ENABLE_DEBUG_INFO = NO;
				MTL_FAST_MATH = YES;
				SDKROOT = iphoneos;
				SWIFT_COMPILATION_MODE = wholemodule;
				SWIFT_OPTIMIZATION_LEVEL = "-O";
				VALIDATE_PRODUCT = YES;
			};
			name = Release;
		};
		CB63A0D629DC5B6000110142 /* Debug */ = {
			isa = XCBuildConfiguration;
			buildSettings = {
				ASSETCATALOG_COMPILER_APPICON_NAME = AppIcon;
				ASSETCATALOG_COMPILER_GLOBAL_ACCENT_COLOR_NAME = AccentColor;
				CODE_SIGN_STYLE = Automatic;
				CURRENT_PROJECT_VERSION = 1;
				DEVELOPMENT_TEAM = 628XNSLD2R;
				GENERATE_INFOPLIST_FILE = YES;
				INFOPLIST_FILE = ScorpHomeA./Info.plist;
				INFOPLIST_KEY_UIApplicationSupportsIndirectInputEvents = YES;
				INFOPLIST_KEY_UILaunchStoryboardName = LaunchScreen;
				INFOPLIST_KEY_UIMainStoryboardFile = Main;
				INFOPLIST_KEY_UISupportedInterfaceOrientations_iPad = "UIInterfaceOrientationPortrait UIInterfaceOrientationPortraitUpsideDown UIInterfaceOrientationLandscapeLeft UIInterfaceOrientationLandscapeRight";
				INFOPLIST_KEY_UISupportedInterfaceOrientations_iPhone = "UIInterfaceOrientationPortrait UIInterfaceOrientationLandscapeLeft UIInterfaceOrientationLandscapeRight";
				LD_RUNPATH_SEARCH_PATHS = (
					"$(inherited)",
					"@executable_path/Frameworks",
				);
				MARKETING_VERSION = 1.0;
				PRODUCT_BUNDLE_IDENTIFIER = "learning.ScorpHomeA-";
				PRODUCT_NAME = "$(TARGET_NAME)";
				SWIFT_EMIT_LOC_STRINGS = YES;
				SWIFT_VERSION = 5.0;
				TARGETED_DEVICE_FAMILY = "1,2";
			};
			name = Debug;
		};
		CB63A0D729DC5B6000110142 /* Release */ = {
			isa = XCBuildConfiguration;
			buildSettings = {
				ASSETCATALOG_COMPILER_APPICON_NAME = AppIcon;
				ASSETCATALOG_COMPILER_GLOBAL_ACCENT_COLOR_NAME = AccentColor;
				CODE_SIGN_STYLE = Automatic;
				CURRENT_PROJECT_VERSION = 1;
				DEVELOPMENT_TEAM = 628XNSLD2R;
				GENERATE_INFOPLIST_FILE = YES;
				INFOPLIST_FILE = ScorpHomeA./Info.plist;
				INFOPLIST_KEY_UIApplicationSupportsIndirectInputEvents = YES;
				INFOPLIST_KEY_UILaunchStoryboardName = LaunchScreen;
				INFOPLIST_KEY_UIMainStoryboardFile = Main;
				INFOPLIST_KEY_UISupportedInterfaceOrientations_iPad = "UIInterfaceOrientationPortrait UIInterfaceOrientationPortraitUpsideDown UIInterfaceOrientationLandscapeLeft UIInterfaceOrientationLandscapeRight";
				INFOPLIST_KEY_UISupportedInterfaceOrientations_iPhone = "UIInterfaceOrientationPortrait UIInterfaceOrientationLandscapeLeft UIInterfaceOrientationLandscapeRight";
				LD_RUNPATH_SEARCH_PATHS = (
					"$(inherited)",
					"@executable_path/Frameworks",
				);
				MARKETING_VERSION = 1.0;
				PRODUCT_BUNDLE_IDENTIFIER = "learning.ScorpHomeA-";
				PRODUCT_NAME = "$(TARGET_NAME)";
				SWIFT_EMIT_LOC_STRINGS = YES;
				SWIFT_VERSION = 5.0;
				TARGETED_DEVICE_FAMILY = "1,2";
			};
			name = Release;
		};
		CB63A0D929DC5B6000110142 /* Debug */ = {
			isa = XCBuildConfiguration;
			buildSettings = {
				ALWAYS_EMBED_SWIFT_STANDARD_LIBRARIES = YES;
				BUNDLE_LOADER = "$(TEST_HOST)";
				CODE_SIGN_STYLE = Automatic;
				CURRENT_PROJECT_VERSION = 1;
				DEVELOPMENT_TEAM = 628XNSLD2R;
				GENERATE_INFOPLIST_FILE = YES;
				IPHONEOS_DEPLOYMENT_TARGET = 16.1;
				MARKETING_VERSION = 1.0;
				PRODUCT_BUNDLE_IDENTIFIER = "learning.ScorpHomeA-Tests";
				PRODUCT_NAME = "$(TARGET_NAME)";
				SWIFT_EMIT_LOC_STRINGS = NO;
				SWIFT_VERSION = 5.0;
				TARGETED_DEVICE_FAMILY = "1,2";
				TEST_HOST = "$(BUILT_PRODUCTS_DIR)/ScorpHomeA..app/$(BUNDLE_EXECUTABLE_FOLDER_PATH)/ScorpHomeA.";
			};
			name = Debug;
		};
		CB63A0DA29DC5B6000110142 /* Release */ = {
			isa = XCBuildConfiguration;
			buildSettings = {
				ALWAYS_EMBED_SWIFT_STANDARD_LIBRARIES = YES;
				BUNDLE_LOADER = "$(TEST_HOST)";
				CODE_SIGN_STYLE = Automatic;
				CURRENT_PROJECT_VERSION = 1;
				DEVELOPMENT_TEAM = 628XNSLD2R;
				GENERATE_INFOPLIST_FILE = YES;
				IPHONEOS_DEPLOYMENT_TARGET = 16.1;
				MARKETING_VERSION = 1.0;
				PRODUCT_BUNDLE_IDENTIFIER = "learning.ScorpHomeA-Tests";
				PRODUCT_NAME = "$(TARGET_NAME)";
				SWIFT_EMIT_LOC_STRINGS = NO;
				SWIFT_VERSION = 5.0;
				TARGETED_DEVICE_FAMILY = "1,2";
				TEST_HOST = "$(BUILT_PRODUCTS_DIR)/ScorpHomeA..app/$(BUNDLE_EXECUTABLE_FOLDER_PATH)/ScorpHomeA.";
			};
			name = Release;
		};
		CB63A0DC29DC5B6000110142 /* Debug */ = {
			isa = XCBuildConfiguration;
			buildSettings = {
				ALWAYS_EMBED_SWIFT_STANDARD_LIBRARIES = YES;
				CODE_SIGN_STYLE = Automatic;
				CURRENT_PROJECT_VERSION = 1;
				DEVELOPMENT_TEAM = 628XNSLD2R;
				GENERATE_INFOPLIST_FILE = YES;
				MARKETING_VERSION = 1.0;
				PRODUCT_BUNDLE_IDENTIFIER = "learning.ScorpHomeA-UITests";
				PRODUCT_NAME = "$(TARGET_NAME)";
				SWIFT_EMIT_LOC_STRINGS = NO;
				SWIFT_VERSION = 5.0;
				TARGETED_DEVICE_FAMILY = "1,2";
				TEST_TARGET_NAME = ScorpHomeA.;
			};
			name = Debug;
		};
		CB63A0DD29DC5B6000110142 /* Release */ = {
			isa = XCBuildConfiguration;
			buildSettings = {
				ALWAYS_EMBED_SWIFT_STANDARD_LIBRARIES = YES;
				CODE_SIGN_STYLE = Automatic;
				CURRENT_PROJECT_VERSION = 1;
				DEVELOPMENT_TEAM = 628XNSLD2R;
				GENERATE_INFOPLIST_FILE = YES;
				MARKETING_VERSION = 1.0;
				PRODUCT_BUNDLE_IDENTIFIER = "learning.ScorpHomeA-UITests";
				PRODUCT_NAME = "$(TARGET_NAME)";
				SWIFT_EMIT_LOC_STRINGS = NO;
				SWIFT_VERSION = 5.0;
				TARGETED_DEVICE_FAMILY = "1,2";
				TEST_TARGET_NAME = ScorpHomeA.;
			};
			name = Release;
		};
/* End XCBuildConfiguration section */

/* Begin XCConfigurationList section */
		CB63A0A629DC5B5E00110142 /* Build configuration list for PBXProject "ScorpHomeA." */ = {
			isa = XCConfigurationList;
			buildConfigurations = (
				CB63A0D329DC5B6000110142 /* Debug */,
				CB63A0D429DC5B6000110142 /* Release */,
			);
			defaultConfigurationIsVisible = 0;
			defaultConfigurationName = Release;
		};
		CB63A0D529DC5B6000110142 /* Build configuration list for PBXNativeTarget "ScorpHomeA." */ = {
			isa = XCConfigurationList;
			buildConfigurations = (
				CB63A0D629DC5B6000110142 /* Debug */,
				CB63A0D729DC5B6000110142 /* Release */,
			);
			defaultConfigurationIsVisible = 0;
			defaultConfigurationName = Release;
		};
		CB63A0D829DC5B6000110142 /* Build configuration list for PBXNativeTarget "ScorpHomeA.Tests" */ = {
			isa = XCConfigurationList;
			buildConfigurations = (
				CB63A0D929DC5B6000110142 /* Debug */,
				CB63A0DA29DC5B6000110142 /* Release */,
			);
			defaultConfigurationIsVisible = 0;
			defaultConfigurationName = Release;
		};
		CB63A0DB29DC5B6000110142 /* Build configuration list for PBXNativeTarget "ScorpHomeA.UITests" */ = {
			isa = XCConfigurationList;
			buildConfigurations = (
				CB63A0DC29DC5B6000110142 /* Debug */,
				CB63A0DD29DC5B6000110142 /* Release */,
			);
			defaultConfigurationIsVisible = 0;
			defaultConfigurationName = Release;
		};
/* End XCConfigurationList section */
	};
	rootObject = CB63A0A329DC5B5E00110142 /* Project object */;
}
